// !$*UTF8*$!
{
	archiveVersion = 1;
	classes = {
	};
	objectVersion = 46;
	objects = {

/* Begin PBXBuildFile section */
		3349141E1DDFDC95002F851A /* AppDelegate.swift in Sources */ = {isa = PBXBuildFile; fileRef = 3349141D1DDFDC95002F851A /* AppDelegate.swift */; };
		334914201DDFDC95002F851A /* ViewController.swift in Sources */ = {isa = PBXBuildFile; fileRef = 3349141F1DDFDC95002F851A /* ViewController.swift */; };
		334914231DDFDC95002F851A /* Main.storyboard in Resources */ = {isa = PBXBuildFile; fileRef = 334914211DDFDC95002F851A /* Main.storyboard */; };
		334914251DDFDC95002F851A /* Assets.xcassets in Resources */ = {isa = PBXBuildFile; fileRef = 334914241DDFDC95002F851A /* Assets.xcassets */; };
		334914281DDFDC95002F851A /* LaunchScreen.storyboard in Resources */ = {isa = PBXBuildFile; fileRef = 334914261DDFDC95002F851A /* LaunchScreen.storyboard */; };
		334914331DDFDC95002F851A /* lonly_groumeTests.swift in Sources */ = {isa = PBXBuildFile; fileRef = 334914321DDFDC95002F851A /* lonly_groumeTests.swift */; };
		3349143E1DDFDC95002F851A /* lonly_groumeUITests.swift in Sources */ = {isa = PBXBuildFile; fileRef = 3349143D1DDFDC95002F851A /* lonly_groumeUITests.swift */; };
		33568C0A1DE021C400E4C4BA /* Default-568h@2x.png in Resources */ = {isa = PBXBuildFile; fileRef = 33568C091DE021C400E4C4BA /* Default-568h@2x.png */; };
		337D45BB1DE04C200099C3CB /* RxGoogleMapsBridge.swift in Sources */ = {isa = PBXBuildFile; fileRef = 337D45BA1DE04C200099C3CB /* RxGoogleMapsBridge.swift */; };
		FF6BA08AFE74B79C2EC1FBFA /* Pods_lonly_groume.framework in Frameworks */ = {isa = PBXBuildFile; fileRef = 8EFA44F208B91FD0A00BDB96 /* Pods_lonly_groume.framework */; };
/* End PBXBuildFile section */

/* Begin PBXContainerItemProxy section */
		3349142F1DDFDC95002F851A /* PBXContainerItemProxy */ = {
			isa = PBXContainerItemProxy;
			containerPortal = 334914121DDFDC95002F851A /* Project object */;
			proxyType = 1;
			remoteGlobalIDString = 334914191DDFDC95002F851A;
			remoteInfo = lonly_groume;
		};
		3349143A1DDFDC95002F851A /* PBXContainerItemProxy */ = {
			isa = PBXContainerItemProxy;
			containerPortal = 334914121DDFDC95002F851A /* Project object */;
			proxyType = 1;
			remoteGlobalIDString = 334914191DDFDC95002F851A;
			remoteInfo = lonly_groume;
		};
/* End PBXContainerItemProxy section */

/* Begin PBXFileReference section */
		3349141A1DDFDC95002F851A /* lonly_groume.app */ = {isa = PBXFileReference; explicitFileType = wrapper.application; includeInIndex = 0; path = lonly_groume.app; sourceTree = BUILT_PRODUCTS_DIR; };
		3349141D1DDFDC95002F851A /* AppDelegate.swift */ = {isa = PBXFileReference; lastKnownFileType = sourcecode.swift; path = AppDelegate.swift; sourceTree = "<group>"; };
		3349141F1DDFDC95002F851A /* ViewController.swift */ = {isa = PBXFileReference; lastKnownFileType = sourcecode.swift; path = ViewController.swift; sourceTree = "<group>"; };
		334914221DDFDC95002F851A /* Base */ = {isa = PBXFileReference; lastKnownFileType = file.storyboard; name = Base; path = Base.lproj/Main.storyboard; sourceTree = "<group>"; };
		334914241DDFDC95002F851A /* Assets.xcassets */ = {isa = PBXFileReference; lastKnownFileType = folder.assetcatalog; path = Assets.xcassets; sourceTree = "<group>"; };
		334914271DDFDC95002F851A /* Base */ = {isa = PBXFileReference; lastKnownFileType = file.storyboard; name = Base; path = Base.lproj/LaunchScreen.storyboard; sourceTree = "<group>"; };
		334914291DDFDC95002F851A /* Info.plist */ = {isa = PBXFileReference; lastKnownFileType = text.plist.xml; path = Info.plist; sourceTree = "<group>"; };
		3349142E1DDFDC95002F851A /* lonly_groumeTests.xctest */ = {isa = PBXFileReference; explicitFileType = wrapper.cfbundle; includeInIndex = 0; path = lonly_groumeTests.xctest; sourceTree = BUILT_PRODUCTS_DIR; };
		334914321DDFDC95002F851A /* lonly_groumeTests.swift */ = {isa = PBXFileReference; lastKnownFileType = sourcecode.swift; path = lonly_groumeTests.swift; sourceTree = "<group>"; };
		334914341DDFDC95002F851A /* Info.plist */ = {isa = PBXFileReference; lastKnownFileType = text.plist.xml; path = Info.plist; sourceTree = "<group>"; };
		334914391DDFDC95002F851A /* lonly_groumeUITests.xctest */ = {isa = PBXFileReference; explicitFileType = wrapper.cfbundle; includeInIndex = 0; path = lonly_groumeUITests.xctest; sourceTree = BUILT_PRODUCTS_DIR; };
		3349143D1DDFDC95002F851A /* lonly_groumeUITests.swift */ = {isa = PBXFileReference; lastKnownFileType = sourcecode.swift; path = lonly_groumeUITests.swift; sourceTree = "<group>"; };
		3349143F1DDFDC95002F851A /* Info.plist */ = {isa = PBXFileReference; lastKnownFileType = text.plist.xml; path = Info.plist; sourceTree = "<group>"; };
		33568C091DE021C400E4C4BA /* Default-568h@2x.png */ = {isa = PBXFileReference; lastKnownFileType = image.png; path = "Default-568h@2x.png"; sourceTree = "<group>"; };
		337D45B91DE04C200099C3CB /* RxGoogleMaps.h */ = {isa = PBXFileReference; fileEncoding = 4; lastKnownFileType = sourcecode.c.h; path = RxGoogleMaps.h; sourceTree = "<group>"; };
		337D45BA1DE04C200099C3CB /* RxGoogleMapsBridge.swift */ = {isa = PBXFileReference; fileEncoding = 4; lastKnownFileType = sourcecode.swift; path = RxGoogleMapsBridge.swift; sourceTree = "<group>"; };
		445E362862B621B17804BF6E /* Pods_lonly_groumeTests.framework */ = {isa = PBXFileReference; explicitFileType = wrapper.framework; includeInIndex = 0; path = Pods_lonly_groumeTests.framework; sourceTree = BUILT_PRODUCTS_DIR; };
		81DDC053051BA2744554B5F0 /* Pods-lonly_groume.debug.xcconfig */ = {isa = PBXFileReference; includeInIndex = 1; lastKnownFileType = text.xcconfig; name = "Pods-lonly_groume.debug.xcconfig"; path = "Pods/Target Support Files/Pods-lonly_groume/Pods-lonly_groume.debug.xcconfig"; sourceTree = "<group>"; };
		826705BFADAF9153DBD37C6F /* Pods-lonly_groume.release.xcconfig */ = {isa = PBXFileReference; includeInIndex = 1; lastKnownFileType = text.xcconfig; name = "Pods-lonly_groume.release.xcconfig"; path = "Pods/Target Support Files/Pods-lonly_groume/Pods-lonly_groume.release.xcconfig"; sourceTree = "<group>"; };
		8EFA44F208B91FD0A00BDB96 /* Pods_lonly_groume.framework */ = {isa = PBXFileReference; explicitFileType = wrapper.framework; includeInIndex = 0; path = Pods_lonly_groume.framework; sourceTree = BUILT_PRODUCTS_DIR; };
		AA2D11D9021979CDD89170B4 /* Pods_lonly_groumeUITests.framework */ = {isa = PBXFileReference; explicitFileType = wrapper.framework; includeInIndex = 0; path = Pods_lonly_groumeUITests.framework; sourceTree = BUILT_PRODUCTS_DIR; };
/* End PBXFileReference section */

/* Begin PBXFrameworksBuildPhase section */
		334914171DDFDC95002F851A /* Frameworks */ = {
			isa = PBXFrameworksBuildPhase;
			buildActionMask = 2147483647;
			files = (
				FF6BA08AFE74B79C2EC1FBFA /* Pods_lonly_groume.framework in Frameworks */,
			);
			runOnlyForDeploymentPostprocessing = 0;
		};
		3349142B1DDFDC95002F851A /* Frameworks */ = {
			isa = PBXFrameworksBuildPhase;
			buildActionMask = 2147483647;
			files = (
			);
			runOnlyForDeploymentPostprocessing = 0;
		};
		334914361DDFDC95002F851A /* Frameworks */ = {
			isa = PBXFrameworksBuildPhase;
			buildActionMask = 2147483647;
			files = (
			);
			runOnlyForDeploymentPostprocessing = 0;
		};
/* End PBXFrameworksBuildPhase section */

/* Begin PBXGroup section */
		334914111DDFDC95002F851A = {
			isa = PBXGroup;
			children = (
				33568C091DE021C400E4C4BA /* Default-568h@2x.png */,
				3349141C1DDFDC95002F851A /* lonly_groume */,
				334914311DDFDC95002F851A /* lonly_groumeTests */,
				3349143C1DDFDC95002F851A /* lonly_groumeUITests */,
				3349141B1DDFDC95002F851A /* Products */,
				DDA627CE25F5AB77A253D353 /* Pods */,
				F65CD603704861C7E3B0E84B /* Frameworks */,
			);
			sourceTree = "<group>";
		};
		3349141B1DDFDC95002F851A /* Products */ = {
			isa = PBXGroup;
			children = (
				3349141A1DDFDC95002F851A /* lonly_groume.app */,
				3349142E1DDFDC95002F851A /* lonly_groumeTests.xctest */,
				334914391DDFDC95002F851A /* lonly_groumeUITests.xctest */,
			);
			name = Products;
			sourceTree = "<group>";
		};
		3349141C1DDFDC95002F851A /* lonly_groume */ = {
			isa = PBXGroup;
			children = (
				3349141D1DDFDC95002F851A /* AppDelegate.swift */,
				3349141F1DDFDC95002F851A /* ViewController.swift */,
				334914211DDFDC95002F851A /* Main.storyboard */,
				337D45B91DE04C200099C3CB /* RxGoogleMaps.h */,
				337D45BA1DE04C200099C3CB /* RxGoogleMapsBridge.swift */,
				334914241DDFDC95002F851A /* Assets.xcassets */,
				334914261DDFDC95002F851A /* LaunchScreen.storyboard */,
				334914291DDFDC95002F851A /* Info.plist */,
			);
			path = lonly_groume;
			sourceTree = "<group>";
		};
		334914311DDFDC95002F851A /* lonly_groumeTests */ = {
			isa = PBXGroup;
			children = (
				334914321DDFDC95002F851A /* lonly_groumeTests.swift */,
				334914341DDFDC95002F851A /* Info.plist */,
			);
			path = lonly_groumeTests;
			sourceTree = "<group>";
		};
		3349143C1DDFDC95002F851A /* lonly_groumeUITests */ = {
			isa = PBXGroup;
			children = (
				3349143D1DDFDC95002F851A /* lonly_groumeUITests.swift */,
				3349143F1DDFDC95002F851A /* Info.plist */,
			);
			path = lonly_groumeUITests;
			sourceTree = "<group>";
		};
		DDA627CE25F5AB77A253D353 /* Pods */ = {
			isa = PBXGroup;
			children = (
				81DDC053051BA2744554B5F0 /* Pods-lonly_groume.debug.xcconfig */,
				826705BFADAF9153DBD37C6F /* Pods-lonly_groume.release.xcconfig */,
			);
			name = Pods;
			sourceTree = "<group>";
		};
		F65CD603704861C7E3B0E84B /* Frameworks */ = {
			isa = PBXGroup;
			children = (
				8EFA44F208B91FD0A00BDB96 /* Pods_lonly_groume.framework */,
				445E362862B621B17804BF6E /* Pods_lonly_groumeTests.framework */,
				AA2D11D9021979CDD89170B4 /* Pods_lonly_groumeUITests.framework */,
			);
			name = Frameworks;
			sourceTree = "<group>";
		};
/* End PBXGroup section */

/* Begin PBXNativeTarget section */
		334914191DDFDC95002F851A /* lonly_groume */ = {
			isa = PBXNativeTarget;
			buildConfigurationList = 334914421DDFDC95002F851A /* Build configuration list for PBXNativeTarget "lonly_groume" */;
			buildPhases = (
				AB32A1E6B745017C15A6766A /* [CP] Check Pods Manifest.lock */,
				334914161DDFDC95002F851A /* Sources */,
				334914171DDFDC95002F851A /* Frameworks */,
				334914181DDFDC95002F851A /* Resources */,
				769C9CB8E1E70F82DB36DF5B /* [CP] Embed Pods Frameworks */,
				8E19A870DA019202D8915F90 /* [CP] Copy Pods Resources */,
			);
			buildRules = (
			);
			dependencies = (
			);
			name = lonly_groume;
			productName = lonly_groume;
			productReference = 3349141A1DDFDC95002F851A /* lonly_groume.app */;
			productType = "com.apple.product-type.application";
		};
		3349142D1DDFDC95002F851A /* lonly_groumeTests */ = {
			isa = PBXNativeTarget;
			buildConfigurationList = 334914451DDFDC95002F851A /* Build configuration list for PBXNativeTarget "lonly_groumeTests" */;
			buildPhases = (
				3349142A1DDFDC95002F851A /* Sources */,
				3349142B1DDFDC95002F851A /* Frameworks */,
				3349142C1DDFDC95002F851A /* Resources */,
			);
			buildRules = (
			);
			dependencies = (
				334914301DDFDC95002F851A /* PBXTargetDependency */,
			);
			name = lonly_groumeTests;
			productName = lonly_groumeTests;
			productReference = 3349142E1DDFDC95002F851A /* lonly_groumeTests.xctest */;
			productType = "com.apple.product-type.bundle.unit-test";
		};
		334914381DDFDC95002F851A /* lonly_groumeUITests */ = {
			isa = PBXNativeTarget;
			buildConfigurationList = 334914481DDFDC95002F851A /* Build configuration list for PBXNativeTarget "lonly_groumeUITests" */;
			buildPhases = (
				334914351DDFDC95002F851A /* Sources */,
				334914361DDFDC95002F851A /* Frameworks */,
				334914371DDFDC95002F851A /* Resources */,
			);
			buildRules = (
			);
			dependencies = (
				3349143B1DDFDC95002F851A /* PBXTargetDependency */,
			);
			name = lonly_groumeUITests;
			productName = lonly_groumeUITests;
			productReference = 334914391DDFDC95002F851A /* lonly_groumeUITests.xctest */;
			productType = "com.apple.product-type.bundle.ui-testing";
		};
/* End PBXNativeTarget section */

/* Begin PBXProject section */
		334914121DDFDC95002F851A /* Project object */ = {
			isa = PBXProject;
			attributes = {
				LastSwiftUpdateCheck = 0810;
				LastUpgradeCheck = 0810;
				ORGANIZATIONNAME = "Hikaru Ikuta";
				TargetAttributes = {
					334914191DDFDC95002F851A = {
						CreatedOnToolsVersion = 8.1;
						ProvisioningStyle = Automatic;
					};
					3349142D1DDFDC95002F851A = {
						CreatedOnToolsVersion = 8.1;
						ProvisioningStyle = Automatic;
						TestTargetID = 334914191DDFDC95002F851A;
					};
					334914381DDFDC95002F851A = {
						CreatedOnToolsVersion = 8.1;
						ProvisioningStyle = Automatic;
						TestTargetID = 334914191DDFDC95002F851A;
					};
				};
			};
			buildConfigurationList = 334914151DDFDC95002F851A /* Build configuration list for PBXProject "lonly_groume" */;
			compatibilityVersion = "Xcode 3.2";
			developmentRegion = English;
			hasScannedForEncodings = 0;
			knownRegions = (
				en,
				Base,
			);
			mainGroup = 334914111DDFDC95002F851A;
			productRefGroup = 3349141B1DDFDC95002F851A /* Products */;
			projectDirPath = "";
			projectRoot = "";
			targets = (
				334914191DDFDC95002F851A /* lonly_groume */,
				3349142D1DDFDC95002F851A /* lonly_groumeTests */,
				334914381DDFDC95002F851A /* lonly_groumeUITests */,
			);
		};
/* End PBXProject section */

/* Begin PBXResourcesBuildPhase section */
		334914181DDFDC95002F851A /* Resources */ = {
			isa = PBXResourcesBuildPhase;
			buildActionMask = 2147483647;
			files = (
				334914281DDFDC95002F851A /* LaunchScreen.storyboard in Resources */,
				33568C0A1DE021C400E4C4BA /* Default-568h@2x.png in Resources */,
				334914251DDFDC95002F851A /* Assets.xcassets in Resources */,
				334914231DDFDC95002F851A /* Main.storyboard in Resources */,
			);
			runOnlyForDeploymentPostprocessing = 0;
		};
		3349142C1DDFDC95002F851A /* Resources */ = {
			isa = PBXResourcesBuildPhase;
			buildActionMask = 2147483647;
			files = (
			);
			runOnlyForDeploymentPostprocessing = 0;
		};
		334914371DDFDC95002F851A /* Resources */ = {
			isa = PBXResourcesBuildPhase;
			buildActionMask = 2147483647;
			files = (
			);
			runOnlyForDeploymentPostprocessing = 0;
		};
/* End PBXResourcesBuildPhase section */

/* Begin PBXShellScriptBuildPhase section */
		769C9CB8E1E70F82DB36DF5B /* [CP] Embed Pods Frameworks */ = {
			isa = PBXShellScriptBuildPhase;
			buildActionMask = 2147483647;
			files = (
			);
			inputPaths = (
			);
			name = "[CP] Embed Pods Frameworks";
			outputPaths = (
			);
			runOnlyForDeploymentPostprocessing = 0;
			shellPath = /bin/sh;
			shellScript = "\"${SRCROOT}/Pods/Target Support Files/Pods-lonly_groume/Pods-lonly_groume-frameworks.sh\"\n";
			showEnvVarsInLog = 0;
		};
		8E19A870DA019202D8915F90 /* [CP] Copy Pods Resources */ = {
			isa = PBXShellScriptBuildPhase;
			buildActionMask = 2147483647;
			files = (
			);
			inputPaths = (
			);
			name = "[CP] Copy Pods Resources";
			outputPaths = (
			);
			runOnlyForDeploymentPostprocessing = 0;
			shellPath = /bin/sh;
			shellScript = "\"${SRCROOT}/Pods/Target Support Files/Pods-lonly_groume/Pods-lonly_groume-resources.sh\"\n";
			showEnvVarsInLog = 0;
		};
		AB32A1E6B745017C15A6766A /* [CP] Check Pods Manifest.lock */ = {
			isa = PBXShellScriptBuildPhase;
			buildActionMask = 2147483647;
			files = (
			);
			inputPaths = (
			);
			name = "[CP] Check Pods Manifest.lock";
			outputPaths = (
			);
			runOnlyForDeploymentPostprocessing = 0;
			shellPath = /bin/sh;
			shellScript = "diff \"${PODS_ROOT}/../Podfile.lock\" \"${PODS_ROOT}/Manifest.lock\" > /dev/null\nif [ $? != 0 ] ; then\n    # print error to STDERR\n    echo \"error: The sandbox is not in sync with the Podfile.lock. Run 'pod install' or update your CocoaPods installation.\" >&2\n    exit 1\nfi\n";
			showEnvVarsInLog = 0;
		};
/* End PBXShellScriptBuildPhase section */

/* Begin PBXSourcesBuildPhase section */
		334914161DDFDC95002F851A /* Sources */ = {
			isa = PBXSourcesBuildPhase;
			buildActionMask = 2147483647;
			files = (
				337D45BB1DE04C200099C3CB /* RxGoogleMapsBridge.swift in Sources */,
				334914201DDFDC95002F851A /* ViewController.swift in Sources */,
				3349141E1DDFDC95002F851A /* AppDelegate.swift in Sources */,
			);
			runOnlyForDeploymentPostprocessing = 0;
		};
		3349142A1DDFDC95002F851A /* Sources */ = {
			isa = PBXSourcesBuildPhase;
			buildActionMask = 2147483647;
			files = (
				334914331DDFDC95002F851A /* lonly_groumeTests.swift in Sources */,
			);
			runOnlyForDeploymentPostprocessing = 0;
		};
		334914351DDFDC95002F851A /* Sources */ = {
			isa = PBXSourcesBuildPhase;
			buildActionMask = 2147483647;
			files = (
				3349143E1DDFDC95002F851A /* lonly_groumeUITests.swift in Sources */,
			);
			runOnlyForDeploymentPostprocessing = 0;
		};
/* End PBXSourcesBuildPhase section */

/* Begin PBXTargetDependency section */
		334914301DDFDC95002F851A /* PBXTargetDependency */ = {
			isa = PBXTargetDependency;
			target = 334914191DDFDC95002F851A /* lonly_groume */;
			targetProxy = 3349142F1DDFDC95002F851A /* PBXContainerItemProxy */;
		};
		3349143B1DDFDC95002F851A /* PBXTargetDependency */ = {
			isa = PBXTargetDependency;
			target = 334914191DDFDC95002F851A /* lonly_groume */;
			targetProxy = 3349143A1DDFDC95002F851A /* PBXContainerItemProxy */;
		};
/* End PBXTargetDependency section */

/* Begin PBXVariantGroup section */
		334914211DDFDC95002F851A /* Main.storyboard */ = {
			isa = PBXVariantGroup;
			children = (
				334914221DDFDC95002F851A /* Base */,
			);
			name = Main.storyboard;
			sourceTree = "<group>";
		};
		334914261DDFDC95002F851A /* LaunchScreen.storyboard */ = {
			isa = PBXVariantGroup;
			children = (
				334914271DDFDC95002F851A /* Base */,
			);
			name = LaunchScreen.storyboard;
			sourceTree = "<group>";
		};
/* End PBXVariantGroup section */

/* Begin XCBuildConfiguration section */
		334914401DDFDC95002F851A /* Debug */ = {
			isa = XCBuildConfiguration;
			buildSettings = {
				ALWAYS_SEARCH_USER_PATHS = NO;
				CLANG_ANALYZER_NONNULL = YES;
				CLANG_CXX_LANGUAGE_STANDARD = "gnu++0x";
				CLANG_CXX_LIBRARY = "libc++";
				CLANG_ENABLE_MODULES = YES;
				CLANG_ENABLE_OBJC_ARC = YES;
				CLANG_WARN_BOOL_CONVERSION = YES;
				CLANG_WARN_CONSTANT_CONVERSION = YES;
				CLANG_WARN_DIRECT_OBJC_ISA_USAGE = YES_ERROR;
				CLANG_WARN_DOCUMENTATION_COMMENTS = YES;
				CLANG_WARN_EMPTY_BODY = YES;
				CLANG_WARN_ENUM_CONVERSION = YES;
				CLANG_WARN_INFINITE_RECURSION = YES;
				CLANG_WARN_INT_CONVERSION = YES;
				CLANG_WARN_OBJC_ROOT_CLASS = YES_ERROR;
				CLANG_WARN_SUSPICIOUS_MOVES = YES;
				CLANG_WARN_UNREACHABLE_CODE = YES;
				CLANG_WARN__DUPLICATE_METHOD_MATCH = YES;
				"CODE_SIGN_IDENTITY[sdk=iphoneos*]" = "iPhone Developer";
				COPY_PHASE_STRIP = NO;
				DEBUG_INFORMATION_FORMAT = dwarf;
				ENABLE_STRICT_OBJC_MSGSEND = YES;
				ENABLE_TESTABILITY = YES;
				GCC_C_LANGUAGE_STANDARD = gnu99;
				GCC_DYNAMIC_NO_PIC = NO;
				GCC_NO_COMMON_BLOCKS = YES;
				GCC_OPTIMIZATION_LEVEL = 0;
				GCC_PREPROCESSOR_DEFINITIONS = (
					"DEBUG=1",
					"$(inherited)",
				);
				GCC_WARN_64_TO_32_BIT_CONVERSION = YES;
				GCC_WARN_ABOUT_RETURN_TYPE = YES_ERROR;
				GCC_WARN_UNDECLARED_SELECTOR = YES;
				GCC_WARN_UNINITIALIZED_AUTOS = YES_AGGRESSIVE;
				GCC_WARN_UNUSED_FUNCTION = YES;
				GCC_WARN_UNUSED_VARIABLE = YES;
				IPHONEOS_DEPLOYMENT_TARGET = 10.1;
				MTL_ENABLE_DEBUG_INFO = YES;
				ONLY_ACTIVE_ARCH = YES;
				SDKROOT = iphoneos;
				SWIFT_ACTIVE_COMPILATION_CONDITIONS = DEBUG;
				SWIFT_OPTIMIZATION_LEVEL = "-Onone";
			};
			name = Debug;
		};
		334914411DDFDC95002F851A /* Release */ = {
			isa = XCBuildConfiguration;
			buildSettings = {
				ALWAYS_SEARCH_USER_PATHS = NO;
				CLANG_ANALYZER_NONNULL = YES;
				CLANG_CXX_LANGUAGE_STANDARD = "gnu++0x";
				CLANG_CXX_LIBRARY = "libc++";
				CLANG_ENABLE_MODULES = YES;
				CLANG_ENABLE_OBJC_ARC = YES;
				CLANG_WARN_BOOL_CONVERSION = YES;
				CLANG_WARN_CONSTANT_CONVERSION = YES;
				CLANG_WARN_DIRECT_OBJC_ISA_USAGE = YES_ERROR;
				CLANG_WARN_DOCUMENTATION_COMMENTS = YES;
				CLANG_WARN_EMPTY_BODY = YES;
				CLANG_WARN_ENUM_CONVERSION = YES;
				CLANG_WARN_INFINITE_RECURSION = YES;
				CLANG_WARN_INT_CONVERSION = YES;
				CLANG_WARN_OBJC_ROOT_CLASS = YES_ERROR;
				CLANG_WARN_SUSPICIOUS_MOVES = YES;
				CLANG_WARN_UNREACHABLE_CODE = YES;
				CLANG_WARN__DUPLICATE_METHOD_MATCH = YES;
				"CODE_SIGN_IDENTITY[sdk=iphoneos*]" = "iPhone Developer";
				COPY_PHASE_STRIP = NO;
				DEBUG_INFORMATION_FORMAT = "dwarf-with-dsym";
				ENABLE_NS_ASSERTIONS = NO;
				ENABLE_STRICT_OBJC_MSGSEND = YES;
				GCC_C_LANGUAGE_STANDARD = gnu99;
				GCC_NO_COMMON_BLOCKS = YES;
				GCC_WARN_64_TO_32_BIT_CONVERSION = YES;
				GCC_WARN_ABOUT_RETURN_TYPE = YES_ERROR;
				GCC_WARN_UNDECLARED_SELECTOR = YES;
				GCC_WARN_UNINITIALIZED_AUTOS = YES_AGGRESSIVE;
				GCC_WARN_UNUSED_FUNCTION = YES;
				GCC_WARN_UNUSED_VARIABLE = YES;
				IPHONEOS_DEPLOYMENT_TARGET = 10.1;
				MTL_ENABLE_DEBUG_INFO = NO;
				SDKROOT = iphoneos;
				SWIFT_OPTIMIZATION_LEVEL = "-Owholemodule";
				VALIDATE_PRODUCT = YES;
			};
			name = Release;
		};
		334914431DDFDC95002F851A /* Debug */ = {
			isa = XCBuildConfiguration;
			baseConfigurationReference = 81DDC053051BA2744554B5F0 /* Pods-lonly_groume.debug.xcconfig */;
			buildSettings = {
				ASSETCATALOG_COMPILER_APPICON_NAME = AppIcon;
				INFOPLIST_FILE = lonly_groume/Info.plist;
				LD_RUNPATH_SEARCH_PATHS = "$(inherited) @executable_path/Frameworks";
				PRODUCT_BUNDLE_IDENTIFIER = "ikutahiiakru.lonly-groume";
				PRODUCT_NAME = "$(TARGET_NAME)";
				SWIFT_VERSION = 3.0;
			};
			name = Debug;
		};
		334914441DDFDC95002F851A /* Release */ = {
			isa = XCBuildConfiguration;
			baseConfigurationReference = 826705BFADAF9153DBD37C6F /* Pods-lonly_groume.release.xcconfig */;
			buildSettings = {
				ASSETCATALOG_COMPILER_APPICON_NAME = AppIcon;
				INFOPLIST_FILE = lonly_groume/Info.plist;
				LD_RUNPATH_SEARCH_PATHS = "$(inherited) @executable_path/Frameworks";
				PRODUCT_BUNDLE_IDENTIFIER = "ikutahiiakru.lonly-groume";
				PRODUCT_NAME = "$(TARGET_NAME)";
				SWIFT_VERSION = 3.0;
			};
			name = Release;
		};
		334914461DDFDC95002F851A /* Debug */ = {
			isa = XCBuildConfiguration;
			buildSettings = {
				ALWAYS_EMBED_SWIFT_STANDARD_LIBRARIES = YES;
				BUNDLE_LOADER = "$(TEST_HOST)";
				INFOPLIST_FILE = lonly_groumeTests/Info.plist;
				LD_RUNPATH_SEARCH_PATHS = "$(inherited) @executable_path/Frameworks @loader_path/Frameworks";
				PRODUCT_BUNDLE_IDENTIFIER = "ikutahiiakru.lonly-groumeTests";
				PRODUCT_NAME = "$(TARGET_NAME)";
				SWIFT_VERSION = 3.0;
				TEST_HOST = "$(BUILT_PRODUCTS_DIR)/lonly_groume.app/lonly_groume";
			};
			name = Debug;
		};
		334914471DDFDC95002F851A /* Release */ = {
			isa = XCBuildConfiguration;
			buildSettings = {
				ALWAYS_EMBED_SWIFT_STANDARD_LIBRARIES = YES;
				BUNDLE_LOADER = "$(TEST_HOST)";
				INFOPLIST_FILE = lonly_groumeTests/Info.plist;
				LD_RUNPATH_SEARCH_PATHS = "$(inherited) @executable_path/Frameworks @loader_path/Frameworks";
				PRODUCT_BUNDLE_IDENTIFIER = "ikutahiiakru.lonly-groumeTests";
				PRODUCT_NAME = "$(TARGET_NAME)";
				SWIFT_VERSION = 3.0;
				TEST_HOST = "$(BUILT_PRODUCTS_DIR)/lonly_groume.app/lonly_groume";
			};
			name = Release;
		};
		334914491DDFDC95002F851A /* Debug */ = {
			isa = XCBuildConfiguration;
			buildSettings = {
				ALWAYS_EMBED_SWIFT_STANDARD_LIBRARIES = YES;
				INFOPLIST_FILE = lonly_groumeUITests/Info.plist;
				LD_RUNPATH_SEARCH_PATHS = "$(inherited) @executable_path/Frameworks @loader_path/Frameworks";
				PRODUCT_BUNDLE_IDENTIFIER = "ikutahiiakru.lonly-groumeUITests";
				PRODUCT_NAME = "$(TARGET_NAME)";
				SWIFT_VERSION = 3.0;
				TEST_TARGET_NAME = lonly_groume;
			};
			name = Debug;
		};
		3349144A1DDFDC95002F851A /* Release */ = {
			isa = XCBuildConfiguration;
			buildSettings = {
				ALWAYS_EMBED_SWIFT_STANDARD_LIBRARIES = YES;
				INFOPLIST_FILE = lonly_groumeUITests/Info.plist;
				LD_RUNPATH_SEARCH_PATHS = "$(inherited) @executable_path/Frameworks @loader_path/Frameworks";
				PRODUCT_BUNDLE_IDENTIFIER = "ikutahiiakru.lonly-groumeUITests";
				PRODUCT_NAME = "$(TARGET_NAME)";
				SWIFT_VERSION = 3.0;
				TEST_TARGET_NAME = lonly_groume;
			};
			name = Release;
		};
/* End XCBuildConfiguration section */

/* Begin XCConfigurationList section */
		334914151DDFDC95002F851A /* Build configuration list for PBXProject "lonly_groume" */ = {
			isa = XCConfigurationList;
			buildConfigurations = (
				334914401DDFDC95002F851A /* Debug */,
				334914411DDFDC95002F851A /* Release */,
			);
			defaultConfigurationIsVisible = 0;
			defaultConfigurationName = Release;
		};
		334914421DDFDC95002F851A /* Build configuration list for PBXNativeTarget "lonly_groume" */ = {
			isa = XCConfigurationList;
			buildConfigurations = (
				334914431DDFDC95002F851A /* Debug */,
				334914441DDFDC95002F851A /* Release */,
			);
			defaultConfigurationIsVisible = 0;
			defaultConfigurationName = Release;
		};
		334914451DDFDC95002F851A /* Build configuration list for PBXNativeTarget "lonly_groumeTests" */ = {
			isa = XCConfigurationList;
			buildConfigurations = (
				334914461DDFDC95002F851A /* Debug */,
				334914471DDFDC95002F851A /* Release */,
			);
			defaultConfigurationIsVisible = 0;
			defaultConfigurationName = Release;
		};
		334914481DDFDC95002F851A /* Build configuration list for PBXNativeTarget "lonly_groumeUITests" */ = {
			isa = XCConfigurationList;
			buildConfigurations = (
				334914491DDFDC95002F851A /* Debug */,
				3349144A1DDFDC95002F851A /* Release */,
			);
			defaultConfigurationIsVisible = 0;
			defaultConfigurationName = Release;
		};
/* End XCConfigurationList section */
	};
	rootObject = 334914121DDFDC95002F851A /* Project object */;
}
